
Microsoft Visual Studio Solution File, Format Version 12.00
# Visual Studio Version 16
VisualStudioVersion = 16.0.31129.286
MinimumVisualStudioVersion = 10.0.40219.1
Project("{FAE04EC0-301F-11D3-BF4B-00C04F79EFBC}") = "Bai 3 (2)", "Bai 3 (2)\Bai 3 (2).csproj", "{B251CAAA-9FF9-4FFA-BC9A-ECC958063E6E}"
EndProject
Global
	GlobalSection(SolutionConfigurationPlatforms) = preSolution
		Debug|Any CPU = Debug|Any CPU
		Release|Any CPU = Release|Any CPU
	EndGlobalSection
	GlobalSection(ProjectConfigurationPlatforms) = postSolution
		{B251CAAA-9FF9-4FFA-BC9A-ECC958063E6E}.Debug|Any CPU.ActiveCfg = Debug|Any CPU
		{B251CAAA-9FF9-4FFA-BC9A-ECC958063E6E}.Debug|Any CPU.Build.0 = Debug|Any CPU
		{B251CAAA-9FF9-4FFA-BC9A-ECC958063E6E}.Release|Any CPU.ActiveCfg = Release|Any CPU
		{B251CAAA-9FF9-4FFA-BC9A-ECC958063E6E}.Release|Any CPU.Build.0 = Release|Any CPU
	EndGlobalSection
	GlobalSection(SolutionProperties) = preSolution
		HideSolutionNode = FALSE
	EndGlobalSection
	GlobalSection(ExtensibilityGlobals) = postSolution
		SolutionGuid = {F89CD561-2955-4219-8F97-F013547DF056}
	EndGlobalSection
EndGlobal
